<?xml version="1.0" encoding="utf-8"?>
<Project ToolsVersion="4.0" xmlns="http://schemas.microsoft.com/developer/msbuild/2003">
  <ItemGroup>
    <Filter Include="Source Files">
      <UniqueIdentifier>{4FC737F1-C7A5-4376-A066-2A32D752A2FF}</UniqueIdentifier>
      <Extensions>cpp;c;cc;cxx;c++;def;odl;idl;hpj;bat;asm;asmx</Extensions>
    </Filter>
    <Filter Include="day1">
      <UniqueIdentifier>{ab94e470-baa5-41c5-8572-10800f9e30ee}</UniqueIdentifier>
    </Filter>
    <Filter Include="day2">
      <UniqueIdentifier>{6b16f14d-b3ba-4d19-9885-69df185a1c17}</UniqueIdentifier>
    </Filter>
    <Filter Include="day3">
      <UniqueIdentifier>{aaa55153-8a84-4ed7-bcd4-7202ffd90bcb}</UniqueIdentifier>
    </Filter>
    <Filter Include="day4">
      <UniqueIdentifier>{9ba66fd5-e061-4815-b8c9-66ad5facf2c0}</UniqueIdentifier>
    </Filter>
    <Filter Include="day5">
      <UniqueIdentifier>{9fbfafb8-c2e6-4835-b3fe-7e92f5001c96}</UniqueIdentifier>
    </Filter>
    <Filter Include="day6">
      <UniqueIdentifier>{46184adb-f37e-4fa3-a1bb-955c721b8c5c}</UniqueIdentifier>
    </Filter>
    <Filter Include="day7">
      <UniqueIdentifier>{e547f92f-b1c3-4e9c-a659-1f3ba2986792}</UniqueIdentifier>
    </Filter>
    <Filter Include="day8">
      <UniqueIdentifier>{9b126d8d-2f1f-431c-92d9-a9c36ac7c517}</UniqueIdentifier>
    </Filter>
    <Filter Include="day9">
      <UniqueIdentifier>{d922e6c3-45b5-4c0b-988e-4c057919588e}</UniqueIdentifier>
    </Filter>
    <Filter Include="day10">
      <UniqueIdentifier>{3fd21473-039f-4c50-8fdb-ab44a213b412}</UniqueIdentifier>
    </Filter>
    <Filter Include="day11">
      <UniqueIdentifier>{2c03f19e-bf53-49d8-b819-8ef646b1e75c}</UniqueIdentifier>
    </Filter>
    <Filter Include="day12">
      <UniqueIdentifier>{89da4751-d73d-4654-b1dc-ab0ffd1fd4fa}</UniqueIdentifier>
    </Filter>
    <Filter Include="day13">
      <UniqueIdentifier>{d0abdb69-8bee-4d6f-8b67-b16af01832d2}</UniqueIdentifier>
    </Filter>
    <Filter Include="day14">
      <UniqueIdentifier>{b0ac1c39-cc10-4d3f-b977-ae165ec34ca2}</UniqueIdentifier>
    </Filter>
  </ItemGroup>
  <ItemGroup>
    <ClCompile Include="main.cpp">
      <Filter>Source Files</Filter>
    </ClCompile>
    <ClCompile Include="Day1\day1.cpp">
      <Filter>day1</Filter>
    </ClCompile>
    <ClCompile Include="Day1\day1_test.cpp">
      <Filter>day1</Filter>
    </ClCompile>
    <ClCompile Include="Day2\day2.cpp">
      <Filter>day2</Filter>
    </ClCompile>
    <ClCompile Include="Day2\day2_test.cpp">
      <Filter>day2</Filter>
    </ClCompile>
    <ClCompile Include="common.cpp">
      <Filter>Source Files</Filter>
    </ClCompile>
    <ClCompile Include="Day3\day3.cpp">
      <Filter>day3</Filter>
    </ClCompile>
    <ClCompile Include="Day3\day3_test.cpp">
      <Filter>day3</Filter>
    </ClCompile>
    <ClCompile Include="Day4\day4.cpp">
      <Filter>day4</Filter>
    </ClCompile>
    <ClCompile Include="Day4\day4_test.cpp">
      <Filter>day4</Filter>
    </ClCompile>
    <ClCompile Include="Day5\day5.cpp">
      <Filter>day5</Filter>
    </ClCompile>
    <ClCompile Include="Day5\day5_test.cpp">
      <Filter>day5</Filter>
    </ClCompile>
    <ClCompile Include="Day6\day6.cpp">
      <Filter>day6</Filter>
    </ClCompile>
    <ClCompile Include="Day6\day6_test.cpp">
      <Filter>day6</Filter>
    </ClCompile>
    <ClCompile Include="Day7\day7.cpp">
      <Filter>day7</Filter>
    </ClCompile>
    <ClCompile Include="Day7\day7_test.cpp">
      <Filter>day7</Filter>
    </ClCompile>
    <ClCompile Include="Day8\day8.cpp">
      <Filter>day8</Filter>
    </ClCompile>
    <ClCompile Include="Day8\day8_test.cpp">
      <Filter>day8</Filter>
    </ClCompile>
    <ClCompile Include="Day9\day9.cpp">
      <Filter>day9</Filter>
    </ClCompile>
    <ClCompile Include="Day9\day9_test.cpp">
      <Filter>day9</Filter>
    </ClCompile>
    <ClCompile Include="Day10\day10.cpp">
      <Filter>day10</Filter>
    </ClCompile>
    <ClCompile Include="Day10\day10_test.cpp">
      <Filter>day10</Filter>
    </ClCompile>
    <ClCompile Include="Day11\day11.cpp">
      <Filter>day11</Filter>
    </ClCompile>
    <ClCompile Include="Day11\day11_test.cpp">
      <Filter>day11</Filter>
    </ClCompile>
    <ClCompile Include="Day12\day12.cpp">
      <Filter>day12</Filter>
    </ClCompile>
    <ClCompile Include="Day12\day12_test.cpp">
      <Filter>day12</Filter>
    </ClCompile>
    <ClCompile Include="Day13\day13.cpp">
      <Filter>day13</Filter>
    </ClCompile>
    <ClCompile Include="Day13\day13_test.cpp">
      <Filter>day13</Filter>
    </ClCompile>
    <ClCompile Include="Day14\day14.cpp">
      <Filter>day14</Filter>
    </ClCompile>
    <ClCompile Include="Day14\day14_test.cpp">
      <Filter>day14</Filter>
    </ClCompile>
  </ItemGroup>
  <ItemGroup>
    <ClInclude Include="common.h">
      <Filter>Source Files</Filter>
    </ClInclude>
    <ClInclude Include="Day1\day1.h">
      <Filter>day1</Filter>
    </ClInclude>
    <ClInclude Include="Day2\day2.h">
      <Filter>day2</Filter>
    </ClInclude>
    <ClInclude Include="Day3\day3.h">
      <Filter>day3</Filter>
    </ClInclude>
    <ClInclude Include="Day4\day4.h">
      <Filter>day4</Filter>
    </ClInclude>
    <ClInclude Include="Day5\day5.h">
      <Filter>day5</Filter>
    </ClInclude>
    <ClInclude Include="Day6\day6.h">
      <Filter>day6</Filter>
    </ClInclude>
    <ClInclude Include="Day7\day7.h">
      <Filter>day7</Filter>
    </ClInclude>
    <ClInclude Include="Day8\day8.h">
      <Filter>day8</Filter>
    </ClInclude>
    <ClInclude Include="Day9\day9.h">
      <Filter>day9</Filter>
    </ClInclude>
    <ClInclude Include="Day10\day10.h">
      <Filter>day10</Filter>
    </ClInclude>
    <ClInclude Include="Day11\day11.h">
      <Filter>day11</Filter>
    </ClInclude>
    <ClInclude Include="Day12\day12.h">
      <Filter>day12</Filter>
    </ClInclude>
    <ClInclude Include="Day13\day13.h">
      <Filter>day13</Filter>
    </ClInclude>
    <ClInclude Include="Day14\day14.h">
      <Filter>day14</Filter>
    </ClInclude>
  </ItemGroup>
</Project>