<?xml version="1.0" encoding="utf-8"?>
<Project ToolsVersion="4.0" xmlns="http://schemas.microsoft.com/developer/msbuild/2003">
  <ItemGroup>
    <Filter Include="Source Files">
      <UniqueIdentifier>{4FC737F1-C7A5-4376-A066-2A32D752A2FF}</UniqueIdentifier>
      <Extensions>cpp;c;cc;cxx;c++;def;odl;idl;hpj;bat;asm;asmx</Extensions>
    </Filter>
    <Filter Include="Header Files">
      <UniqueIdentifier>{93995380-89BD-4b04-88EB-625FBE52EBFB}</UniqueIdentifier>
      <Extensions>h;hh;hpp;hxx;h++;hm;inl;inc;ipp;xsd</Extensions>
    </Filter>
    <Filter Include="Resource Files">
      <UniqueIdentifier>{67DA6AB6-F800-4c08-8B7A-83BB121AAD01}</UniqueIdentifier>
      <Extensions>rc;ico;cur;bmp;dlg;rc2;rct;bin;rgs;gif;jpg;jpeg;jpe;resx;tiff;tif;png;wav;mfcribbon-ms</Extensions>
    </Filter>
    <Filter Include="day1">
      <UniqueIdentifier>{ab94e470-baa5-41c5-8572-10800f9e30ee}</UniqueIdentifier>
    </Filter>
    <Filter Include="day2">
      <UniqueIdentifier>{6b16f14d-b3ba-4d19-9885-69df185a1c17}</UniqueIdentifier>
    </Filter>
    <Filter Include="day3">
      <UniqueIdentifier>{aaa55153-8a84-4ed7-bcd4-7202ffd90bcb}</UniqueIdentifier>
    </Filter>
    <Filter Include="day4">
      <UniqueIdentifier>{9ba66fd5-e061-4815-b8c9-66ad5facf2c0}</UniqueIdentifier>
    </Filter>
    <Filter Include="day5">
      <UniqueIdentifier>{9fbfafb8-c2e6-4835-b3fe-7e92f5001c96}</UniqueIdentifier>
    </Filter>
    <Filter Include="day6">
      <UniqueIdentifier>{46184adb-f37e-4fa3-a1bb-955c721b8c5c}</UniqueIdentifier>
    </Filter>
    <Filter Include="day7">
      <UniqueIdentifier>{e547f92f-b1c3-4e9c-a659-1f3ba2986792}</UniqueIdentifier>
    </Filter>
  </ItemGroup>
  <ItemGroup>
    <ClCompile Include="main.cpp">
      <Filter>Source Files</Filter>
    </ClCompile>
    <ClCompile Include="Day1\day1.cpp">
      <Filter>day1</Filter>
    </ClCompile>
    <ClCompile Include="Day1\day1_test.cpp">
      <Filter>day1</Filter>
    </ClCompile>
    <ClCompile Include="Day2\day2.cpp">
      <Filter>day2</Filter>
    </ClCompile>
    <ClCompile Include="Day2\day2_test.cpp">
      <Filter>day2</Filter>
    </ClCompile>
    <ClCompile Include="common.cpp">
      <Filter>Source Files</Filter>
    </ClCompile>
    <ClCompile Include="Day3\day3.cpp">
      <Filter>day3</Filter>
    </ClCompile>
    <ClCompile Include="Day3\day3_test.cpp">
      <Filter>day3</Filter>
    </ClCompile>
    <ClCompile Include="Day4\day4.cpp">
      <Filter>day4</Filter>
    </ClCompile>
    <ClCompile Include="Day4\day4_test.cpp">
      <Filter>day4</Filter>
    </ClCompile>
    <ClCompile Include="Day5\day5.cpp">
      <Filter>day5</Filter>
    </ClCompile>
    <ClCompile Include="Day5\day5_test.cpp">
      <Filter>day5</Filter>
    </ClCompile>
    <ClCompile Include="Day6\day6.cpp">
      <Filter>day6</Filter>
    </ClCompile>
    <ClCompile Include="Day6\day6_test.cpp">
      <Filter>day6</Filter>
    </ClCompile>
    <ClCompile Include="Day7\day7.cpp">
      <Filter>day7</Filter>
    </ClCompile>
    <ClCompile Include="Day7\day7_test.cpp">
      <Filter>day7</Filter>
    </ClCompile>
  </ItemGroup>
  <ItemGroup>
    <ClInclude Include="common.h">
      <Filter>Source Files</Filter>
    </ClInclude>
    <ClInclude Include="Day1\day1.h">
      <Filter>day1</Filter>
    </ClInclude>
    <ClInclude Include="Day2\day2.h">
      <Filter>day2</Filter>
    </ClInclude>
    <ClInclude Include="Day3\day3.h">
      <Filter>day3</Filter>
    </ClInclude>
    <ClInclude Include="Day4\day4.h">
      <Filter>day4</Filter>
    </ClInclude>
    <ClInclude Include="Day5\day5.h">
      <Filter>day5</Filter>
    </ClInclude>
    <ClInclude Include="Day6\day6.h">
      <Filter>day6</Filter>
    </ClInclude>
    <ClInclude Include="Day7\day7.h">
      <Filter>day7</Filter>
    </ClInclude>
  </ItemGroup>
  <ItemGroup>
    <Text Include="Day1\day1Input.txt">
      <Filter>Resource Files</Filter>
    </Text>
    <Text Include="Day2\day2Input.txt">
      <Filter>Resource Files</Filter>
    </Text>
  </ItemGroup>
</Project>